
Microsoft Visual Studio Solution File, Format Version 11.00
# Visual Studio 2010 Express for Windows Phone
Project("{FAE04EC0-301F-11D3-BF4B-00C04F79EFBC}") = "GeoWorldClock", "GeoWorldClock\GeoWorldClock.csproj", "{1ADB7F6D-A986-4797-A0D5-596B294523AB}"
EndProject
Global
	GlobalSection(SolutionConfigurationPlatforms) = preSolution
		Debug|Any CPU = Debug|Any CPU
		Release|Any CPU = Release|Any CPU
	EndGlobalSection
	GlobalSection(ProjectConfigurationPlatforms) = postSolution
		{1ADB7F6D-A986-4797-A0D5-596B294523AB}.Debug|Any CPU.ActiveCfg = Debug|Any CPU
		{1ADB7F6D-A986-4797-A0D5-596B294523AB}.Debug|Any CPU.Build.0 = Debug|Any CPU
		{1ADB7F6D-A986-4797-A0D5-596B294523AB}.Debug|Any CPU.Deploy.0 = Debug|Any CPU
		{1ADB7F6D-A986-4797-A0D5-596B294523AB}.Release|Any CPU.ActiveCfg = Release|Any CPU
		{1ADB7F6D-A986-4797-A0D5-596B294523AB}.Release|Any CPU.Build.0 = Release|Any CPU
		{1ADB7F6D-A986-4797-A0D5-596B294523AB}.Release|Any CPU.Deploy.0 = Release|Any CPU
	EndGlobalSection
	GlobalSection(SolutionProperties) = preSolution
		HideSolutionNode = FALSE
	EndGlobalSection
EndGlobal
